%{
  "common_x": {:hex, :common_x, "0.5.5", "b0cb2a0437417c34377c58ff82e30984e904908d92e543597b23c2093b5391a4", [:mix], [], "hexpm", "5399d28b9b34a8b7043f54bc3a8d82a17020e3bd190e203c7700d8d52fc87a06"},
  "csh2fjhyll_kvasir": {:hex, :csh2fjhyll_kvasir, "0.0.6", "cc16fe423ecddc9127beead34104f8ea87f805403956b784ed8062cb4e2053f0", [:mix], [{:common_x, "~> 0.5", [hex: :common_x, repo: "hexpm", optional: false]}, {:jason, "~> 1.2", [hex: :jason, repo: "hexpm", optional: false]}, {:msgpax, "~> 2.2", [hex: :msgpax, repo: "hexpm", optional: false]}, {:poolboy, "~> 1.5", [hex: :poolboy, repo: "hexpm", optional: false]}, {:utc_datetime, "~> 1.0", [hex: :utc_datetime, repo: "hexpm", optional: false]}], "hexpm", "005ba3bfebda1fb626975f444c837c92f566947e32a78329b74c9676217d8b4d"},
  "csh2fjhyll_kvasir_agent": {:hex, :csh2fjhyll_kvasir_agent, "0.0.4", "49a4c5295bc631c27e476c1c75135e0e642d31cfd503c2ab4d02d297bb6cdc7d", [:mix], [{:common_x, ">= 0.0.0", [hex: :common_x, repo: "hexpm", optional: false]}, {:csh2fjhyll_kvasir, ">= 0.0.4", [hex: :csh2fjhyll_kvasir, repo: "hexpm", optional: false]}, {:fixtures, ">= 0.0.0", [hex: :fixtures, repo: "hexpm", optional: true]}, {:httpx, ">= 0.0.16", [hex: :httpx, repo: "hexpm", optional: true]}], "hexpm", "16f4d70279acf949f6e8de05a6e51f29b7969aeab1aa3b890b4b96e2cd6faeb1"},
  "csh2fjhyll_rdb": {:hex, :csh2fjhyll_rdb, "1.5.5", "bcd3cf376a18842f5f84f83b13bd9beec0c1571744a378b6145aa348e024a07c", [:rebar3], [], "hexpm", "e6214b3f66ca3901fc8d798a640be32d826f04b8fd7f9347881fc7a2c70d94b0"},
  "earmark_parser": {:hex, :earmark_parser, "1.4.10", "6603d7a603b9c18d3d20db69921527f82ef09990885ed7525003c7fe7dc86c56", [:mix], [], "hexpm", "8e2d5370b732385db2c9b22215c3f59c84ac7dda7ed7e544d7c459496ae519c0"},
  "ex_doc": {:hex, :ex_doc, "0.23.0", "a069bc9b0bf8efe323ecde8c0d62afc13d308b1fa3d228b65bca5cf8703a529d", [:mix], [{:earmark_parser, "~> 1.4.0", [hex: :earmark_parser, repo: "hexpm", optional: false]}, {:makeup_elixir, "~> 0.14", [hex: :makeup_elixir, repo: "hexpm", optional: false]}], "hexpm", "f5e2c4702468b2fd11b10d39416ddadd2fcdd173ba2a0285ebd92c39827a5a16"},
  "jason": {:hex, :jason, "1.2.2", "ba43e3f2709fd1aa1dce90aaabfd039d000469c05c56f0b8e31978e03fa39052", [:mix], [{:decimal, "~> 1.0 or ~> 2.0", [hex: :decimal, repo: "hexpm", optional: true]}], "hexpm", "18a228f5f0058ee183f29f9eae0805c6e59d61c3b006760668d8d18ff0d12179"},
  "kvasir": {:git, "https://github.com/IanLuites/kvasir", "c925f98c27852c5cf622d4ab0a7438d05f80a007", [branch: "release/v1.0"]},
  "kvasir_agent": {:git, "https://github.com/IanLuites/kvasir_agent", "5b3b164e3fe37c6ef3ebfe46e894b6fbbb976fe6", [branch: "release/v1.0"]},
  "makeup": {:hex, :makeup, "1.0.5", "d5a830bc42c9800ce07dd97fa94669dfb93d3bf5fcf6ea7a0c67b2e0e4a7f26c", [:mix], [{:nimble_parsec, "~> 0.5 or ~> 1.0", [hex: :nimble_parsec, repo: "hexpm", optional: false]}], "hexpm", "cfa158c02d3f5c0c665d0af11512fed3fba0144cf1aadee0f2ce17747fba2ca9"},
  "makeup_elixir": {:hex, :makeup_elixir, "0.15.0", "98312c9f0d3730fde4049985a1105da5155bfe5c11e47bdc7406d88e01e4219b", [:mix], [{:makeup, "~> 1.0", [hex: :makeup, repo: "hexpm", optional: false]}, {:nimble_parsec, "~> 1.1", [hex: :nimble_parsec, repo: "hexpm", optional: false]}], "hexpm", "75ffa34ab1056b7e24844c90bfc62aaf6f3a37a15faa76b07bc5eba27e4a8b4a"},
  "msgpax": {:hex, :msgpax, "2.2.4", "7b3790ef684089076b63c0f08c2f4b079c6311daeb006b69e4ed2bf67518291e", [:mix], [{:plug, "~> 1.0", [hex: :plug, repo: "hexpm", optional: true]}], "hexpm", "b351b6d992d79624a8430a99d21a41b36b1b90edf84326a294e9f4a2de11f089"},
  "nimble_parsec": {:hex, :nimble_parsec, "1.1.0", "3a6fca1550363552e54c216debb6a9e95bd8d32348938e13de5eda962c0d7f89", [:mix], [], "hexpm", "08eb32d66b706e913ff748f11694b17981c0b04a33ef470e33e11b3d3ac8f54b"},
  "poolboy": {:hex, :poolboy, "1.5.2", "392b007a1693a64540cead79830443abf5762f5d30cf50bc95cb2c1aaafa006b", [:rebar3], [], "hexpm", "dad79704ce5440f3d5a3681c8590b9dc25d1a561e8f5a9c995281012860901e3"},
  "rocksdb": {:hex, :rocksdb, "1.6.0", "e3f7286987c901da3286e38a676254cd575821db00214b4745b94bb4be82a1f3", [:rebar3], [], "hexpm", "4dfa34f05b678207578488d14776705ac13a29425eb1a0cefca4a8bc16e8b53f"},
  "utc_datetime": {:hex, :utc_datetime, "1.0.0", "617b7bac9de12d7afd99dfbbbc3cea7534ac044996bc40ab35f5bf78ca35dc6a", [:mix], [{:ecto, ">= 3.0.0", [hex: :ecto, repo: "hexpm", optional: true]}, {:jason, ">= 1.0.0", [hex: :jason, repo: "hexpm", optional: true]}], "hexpm", "c6c7db85badc8e6133b08107c09fcee1bd7290ee868ae17924c827b9704d718e"},
}
